
Microsoft Visual Studio Solution File, Format Version 12.00
# Visual Studio Version 17
VisualStudioVersion = 17.8.34330.188
MinimumVisualStudioVersion = 10.0.40219.1
Project("{9A19103F-16F7-4668-BE54-9A1E7A4F7556}") = "AgendamentoConsulta", "AgendamentoConsulta\AgendamentoConsulta.csproj", "{7AA1CEB8-1671-44A2-B9D3-166D47B846EA}"
EndProject
Project("{9A19103F-16F7-4668-BE54-9A1E7A4F7556}") = "AgendamentoConsultaTests", "AgendamentoConsultaTests\AgendamentoConsultaTests.csproj", "{F13D480C-07F8-4E64-837C-DFA4060C647A}"
EndProject
Project("{2150E333-8FDC-42A3-9474-1A3956D46DE8}") = "Itens de Solução", "Itens de Solução", "{858357EE-3EC8-4D9B-A97B-C015AB262101}"
	ProjectSection(SolutionItems) = preProject
		web.config = web.config
	EndProjectSection
EndProject
Global
	GlobalSection(SolutionConfigurationPlatforms) = preSolution
		Debug|Any CPU = Debug|Any CPU
		Release|Any CPU = Release|Any CPU
	EndGlobalSection
	GlobalSection(ProjectConfigurationPlatforms) = postSolution
		{7AA1CEB8-1671-44A2-B9D3-166D47B846EA}.Debug|Any CPU.ActiveCfg = Debug|Any CPU
		{7AA1CEB8-1671-44A2-B9D3-166D47B846EA}.Debug|Any CPU.Build.0 = Debug|Any CPU
		{7AA1CEB8-1671-44A2-B9D3-166D47B846EA}.Release|Any CPU.ActiveCfg = Release|Any CPU
		{7AA1CEB8-1671-44A2-B9D3-166D47B846EA}.Release|Any CPU.Build.0 = Release|Any CPU
		{F13D480C-07F8-4E64-837C-DFA4060C647A}.Debug|Any CPU.ActiveCfg = Debug|Any CPU
		{F13D480C-07F8-4E64-837C-DFA4060C647A}.Debug|Any CPU.Build.0 = Debug|Any CPU
		{F13D480C-07F8-4E64-837C-DFA4060C647A}.Release|Any CPU.ActiveCfg = Release|Any CPU
		{F13D480C-07F8-4E64-837C-DFA4060C647A}.Release|Any CPU.Build.0 = Release|Any CPU
	EndGlobalSection
	GlobalSection(SolutionProperties) = preSolution
		HideSolutionNode = FALSE
	EndGlobalSection
	GlobalSection(ExtensibilityGlobals) = postSolution
		SolutionGuid = {B26956EB-F11E-4115-BFE5-DCD0D448B967}
	EndGlobalSection
EndGlobal
