
Microsoft Visual Studio Solution File, Format Version 12.00
# Visual Studio Version 16
VisualStudioVersion = 16.0.30503.244
MinimumVisualStudioVersion = 10.0.40219.1
Project("{9A19103F-16F7-4668-BE54-9A1E7A4F7556}") = "AgendamentoConsulta", "AlbertEinsteinTeste\AgendamentoConsulta.csproj", "{4EF3BA83-6398-4ECA-AFDD-25222DB44729}"
EndProject
Project("{9A19103F-16F7-4668-BE54-9A1E7A4F7556}") = "AgendamentoConsultaTests", "AlbertEinsteinTesteTests\AgendamentoConsultaTests.csproj", "{4D200CF4-ED52-47C8-93B0-967507F76547}"
EndProject
Global
	GlobalSection(SolutionConfigurationPlatforms) = preSolution
		Debug|Any CPU = Debug|Any CPU
		Release|Any CPU = Release|Any CPU
	EndGlobalSection
	GlobalSection(ProjectConfigurationPlatforms) = postSolution
		{4EF3BA83-6398-4ECA-AFDD-25222DB44729}.Debug|Any CPU.ActiveCfg = Debug|Any CPU
		{4EF3BA83-6398-4ECA-AFDD-25222DB44729}.Debug|Any CPU.Build.0 = Debug|Any CPU
		{4EF3BA83-6398-4ECA-AFDD-25222DB44729}.Release|Any CPU.ActiveCfg = Release|Any CPU
		{4EF3BA83-6398-4ECA-AFDD-25222DB44729}.Release|Any CPU.Build.0 = Release|Any CPU
		{4D200CF4-ED52-47C8-93B0-967507F76547}.Debug|Any CPU.ActiveCfg = Debug|Any CPU
		{4D200CF4-ED52-47C8-93B0-967507F76547}.Debug|Any CPU.Build.0 = Debug|Any CPU
		{4D200CF4-ED52-47C8-93B0-967507F76547}.Release|Any CPU.ActiveCfg = Release|Any CPU
		{4D200CF4-ED52-47C8-93B0-967507F76547}.Release|Any CPU.Build.0 = Release|Any CPU
	EndGlobalSection
	GlobalSection(SolutionProperties) = preSolution
		HideSolutionNode = FALSE
	EndGlobalSection
	GlobalSection(ExtensibilityGlobals) = postSolution
		SolutionGuid = {B26956EB-F11E-4115-BFE5-DCD0D448B967}
	EndGlobalSection
EndGlobal
